// !$*UTF8*$!
{
	archiveVersion = 1;
	classes = {
	};
	objectVersion = 55;
	objects = {

/* Begin PBXBuildFile section */
		018DE9A727C6933500A1BD01 /* Tests_iOS.swift in Sources */ = {isa = PBXBuildFile; fileRef = 018DE9A627C6933500A1BD01 /* Tests_iOS.swift */; };
		018DE9A927C6933500A1BD01 /* Tests_iOSLaunchTests.swift in Sources */ = {isa = PBXBuildFile; fileRef = 018DE9A827C6933500A1BD01 /* Tests_iOSLaunchTests.swift */; };
		018DE9B327C6933500A1BD01 /* Tests_macOS.swift in Sources */ = {isa = PBXBuildFile; fileRef = 018DE9B227C6933500A1BD01 /* Tests_macOS.swift */; };
		018DE9B527C6933500A1BD01 /* Tests_macOSLaunchTests.swift in Sources */ = {isa = PBXBuildFile; fileRef = 018DE9B427C6933500A1BD01 /* Tests_macOSLaunchTests.swift */; };
		018DE9B627C6933500A1BD01 /* AlfredMobileApp.swift in Sources */ = {isa = PBXBuildFile; fileRef = 018DE98E27C6933400A1BD01 /* AlfredMobileApp.swift */; };
		018DE9B727C6933500A1BD01 /* AlfredMobileApp.swift in Sources */ = {isa = PBXBuildFile; fileRef = 018DE98E27C6933400A1BD01 /* AlfredMobileApp.swift */; };
		018DE9B827C6933500A1BD01 /* ContentView.swift in Sources */ = {isa = PBXBuildFile; fileRef = 018DE98F27C6933400A1BD01 /* ContentView.swift */; };
		018DE9B927C6933500A1BD01 /* ContentView.swift in Sources */ = {isa = PBXBuildFile; fileRef = 018DE98F27C6933400A1BD01 /* ContentView.swift */; };
		018DE9BA27C6933500A1BD01 /* Assets.xcassets in Resources */ = {isa = PBXBuildFile; fileRef = 018DE99027C6933500A1BD01 /* Assets.xcassets */; };
		018DE9BB27C6933500A1BD01 /* Assets.xcassets in Resources */ = {isa = PBXBuildFile; fileRef = 018DE99027C6933500A1BD01 /* Assets.xcassets */; };
/* End PBXBuildFile section */

/* Begin PBXContainerItemProxy section */
		018DE9A327C6933500A1BD01 /* PBXContainerItemProxy */ = {
			isa = PBXContainerItemProxy;
			containerPortal = 018DE98927C6933400A1BD01 /* Project object */;
			proxyType = 1;
			remoteGlobalIDString = 018DE99427C6933500A1BD01;
			remoteInfo = "AlfredMobile (iOS)";
		};
		018DE9AF27C6933500A1BD01 /* PBXContainerItemProxy */ = {
			isa = PBXContainerItemProxy;
			containerPortal = 018DE98927C6933400A1BD01 /* Project object */;
			proxyType = 1;
			remoteGlobalIDString = 018DE99A27C6933500A1BD01;
			remoteInfo = "AlfredMobile (macOS)";
		};
/* End PBXContainerItemProxy section */

/* Begin PBXFileReference section */
		018DE98E27C6933400A1BD01 /* AlfredMobileApp.swift */ = {isa = PBXFileReference; lastKnownFileType = sourcecode.swift; path = AlfredMobileApp.swift; sourceTree = "<group>"; };
		018DE98F27C6933400A1BD01 /* ContentView.swift */ = {isa = PBXFileReference; lastKnownFileType = sourcecode.swift; path = ContentView.swift; sourceTree = "<group>"; };
		018DE99027C6933500A1BD01 /* Assets.xcassets */ = {isa = PBXFileReference; lastKnownFileType = folder.assetcatalog; path = Assets.xcassets; sourceTree = "<group>"; };
		018DE99527C6933500A1BD01 /* AlfredMobile.app */ = {isa = PBXFileReference; explicitFileType = wrapper.application; includeInIndex = 0; path = AlfredMobile.app; sourceTree = BUILT_PRODUCTS_DIR; };
		018DE99B27C6933500A1BD01 /* AlfredMobile.app */ = {isa = PBXFileReference; explicitFileType = wrapper.application; includeInIndex = 0; path = AlfredMobile.app; sourceTree = BUILT_PRODUCTS_DIR; };
		018DE99D27C6933500A1BD01 /* macOS.entitlements */ = {isa = PBXFileReference; lastKnownFileType = text.plist.entitlements; path = macOS.entitlements; sourceTree = "<group>"; };
		018DE9A227C6933500A1BD01 /* Tests iOS.xctest */ = {isa = PBXFileReference; explicitFileType = wrapper.cfbundle; includeInIndex = 0; path = "Tests iOS.xctest"; sourceTree = BUILT_PRODUCTS_DIR; };
		018DE9A627C6933500A1BD01 /* Tests_iOS.swift */ = {isa = PBXFileReference; lastKnownFileType = sourcecode.swift; path = Tests_iOS.swift; sourceTree = "<group>"; };
		018DE9A827C6933500A1BD01 /* Tests_iOSLaunchTests.swift */ = {isa = PBXFileReference; lastKnownFileType = sourcecode.swift; path = Tests_iOSLaunchTests.swift; sourceTree = "<group>"; };
		018DE9AE27C6933500A1BD01 /* Tests macOS.xctest */ = {isa = PBXFileReference; explicitFileType = wrapper.cfbundle; includeInIndex = 0; path = "Tests macOS.xctest"; sourceTree = BUILT_PRODUCTS_DIR; };
		018DE9B227C6933500A1BD01 /* Tests_macOS.swift */ = {isa = PBXFileReference; lastKnownFileType = sourcecode.swift; path = Tests_macOS.swift; sourceTree = "<group>"; };
		018DE9B427C6933500A1BD01 /* Tests_macOSLaunchTests.swift */ = {isa = PBXFileReference; lastKnownFileType = sourcecode.swift; path = Tests_macOSLaunchTests.swift; sourceTree = "<group>"; };
/* End PBXFileReference section */

/* Begin PBXFrameworksBuildPhase section */
		018DE99227C6933500A1BD01 /* Frameworks */ = {
			isa = PBXFrameworksBuildPhase;
			buildActionMask = 2147483647;
			files = (
			);
			runOnlyForDeploymentPostprocessing = 0;
		};
		018DE99827C6933500A1BD01 /* Frameworks */ = {
			isa = PBXFrameworksBuildPhase;
			buildActionMask = 2147483647;
			files = (
			);
			runOnlyForDeploymentPostprocessing = 0;
		};
		018DE99F27C6933500A1BD01 /* Frameworks */ = {
			isa = PBXFrameworksBuildPhase;
			buildActionMask = 2147483647;
			files = (
			);
			runOnlyForDeploymentPostprocessing = 0;
		};
		018DE9AB27C6933500A1BD01 /* Frameworks */ = {
			isa = PBXFrameworksBuildPhase;
			buildActionMask = 2147483647;
			files = (
			);
			runOnlyForDeploymentPostprocessing = 0;
		};
/* End PBXFrameworksBuildPhase section */

/* Begin PBXGroup section */
		018DE98827C6933400A1BD01 = {
			isa = PBXGroup;
			children = (
				018DE98D27C6933400A1BD01 /* Shared */,
				018DE99C27C6933500A1BD01 /* macOS */,
				018DE9A527C6933500A1BD01 /* Tests iOS */,
				018DE9B127C6933500A1BD01 /* Tests macOS */,
				018DE99627C6933500A1BD01 /* Products */,
			);
			sourceTree = "<group>";
		};
		018DE98D27C6933400A1BD01 /* Shared */ = {
			isa = PBXGroup;
			children = (
				018DE98E27C6933400A1BD01 /* AlfredMobileApp.swift */,
				018DE98F27C6933400A1BD01 /* ContentView.swift */,
				018DE99027C6933500A1BD01 /* Assets.xcassets */,
			);
			path = Shared;
			sourceTree = "<group>";
		};
		018DE99627C6933500A1BD01 /* Products */ = {
			isa = PBXGroup;
			children = (
				018DE99527C6933500A1BD01 /* AlfredMobile.app */,
				018DE99B27C6933500A1BD01 /* AlfredMobile.app */,
				018DE9A227C6933500A1BD01 /* Tests iOS.xctest */,
				018DE9AE27C6933500A1BD01 /* Tests macOS.xctest */,
			);
			name = Products;
			sourceTree = "<group>";
		};
		018DE99C27C6933500A1BD01 /* macOS */ = {
			isa = PBXGroup;
			children = (
				018DE99D27C6933500A1BD01 /* macOS.entitlements */,
			);
			path = macOS;
			sourceTree = "<group>";
		};
		018DE9A527C6933500A1BD01 /* Tests iOS */ = {
			isa = PBXGroup;
			children = (
				018DE9A627C6933500A1BD01 /* Tests_iOS.swift */,
				018DE9A827C6933500A1BD01 /* Tests_iOSLaunchTests.swift */,
			);
			path = "Tests iOS";
			sourceTree = "<group>";
		};
		018DE9B127C6933500A1BD01 /* Tests macOS */ = {
			isa = PBXGroup;
			children = (
				018DE9B227C6933500A1BD01 /* Tests_macOS.swift */,
				018DE9B427C6933500A1BD01 /* Tests_macOSLaunchTests.swift */,
			);
			path = "Tests macOS";
			sourceTree = "<group>";
		};
/* End PBXGroup section */

/* Begin PBXNativeTarget section */
		018DE99427C6933500A1BD01 /* AlfredMobile (iOS) */ = {
			isa = PBXNativeTarget;
			buildConfigurationList = 018DE9BE27C6933500A1BD01 /* Build configuration list for PBXNativeTarget "AlfredMobile (iOS)" */;
			buildPhases = (
				018DE99127C6933500A1BD01 /* Sources */,
				018DE99227C6933500A1BD01 /* Frameworks */,
				018DE99327C6933500A1BD01 /* Resources */,
			);
			buildRules = (
			);
			dependencies = (
			);
			name = "AlfredMobile (iOS)";
			productName = "AlfredMobile (iOS)";
			productReference = 018DE99527C6933500A1BD01 /* AlfredMobile.app */;
			productType = "com.apple.product-type.application";
		};
		018DE99A27C6933500A1BD01 /* AlfredMobile (macOS) */ = {
			isa = PBXNativeTarget;
			buildConfigurationList = 018DE9C127C6933500A1BD01 /* Build configuration list for PBXNativeTarget "AlfredMobile (macOS)" */;
			buildPhases = (
				018DE99727C6933500A1BD01 /* Sources */,
				018DE99827C6933500A1BD01 /* Frameworks */,
				018DE99927C6933500A1BD01 /* Resources */,
			);
			buildRules = (
			);
			dependencies = (
			);
			name = "AlfredMobile (macOS)";
			productName = "AlfredMobile (macOS)";
			productReference = 018DE99B27C6933500A1BD01 /* AlfredMobile.app */;
			productType = "com.apple.product-type.application";
		};
		018DE9A127C6933500A1BD01 /* Tests iOS */ = {
			isa = PBXNativeTarget;
			buildConfigurationList = 018DE9C427C6933500A1BD01 /* Build configuration list for PBXNativeTarget "Tests iOS" */;
			buildPhases = (
				018DE99E27C6933500A1BD01 /* Sources */,
				018DE99F27C6933500A1BD01 /* Frameworks */,
				018DE9A027C6933500A1BD01 /* Resources */,
			);
			buildRules = (
			);
			dependencies = (
				018DE9A427C6933500A1BD01 /* PBXTargetDependency */,
			);
			name = "Tests iOS";
			productName = "Tests iOS";
			productReference = 018DE9A227C6933500A1BD01 /* Tests iOS.xctest */;
			productType = "com.apple.product-type.bundle.ui-testing";
		};
		018DE9AD27C6933500A1BD01 /* Tests macOS */ = {
			isa = PBXNativeTarget;
			buildConfigurationList = 018DE9C727C6933500A1BD01 /* Build configuration list for PBXNativeTarget "Tests macOS" */;
			buildPhases = (
				018DE9AA27C6933500A1BD01 /* Sources */,
				018DE9AB27C6933500A1BD01 /* Frameworks */,
				018DE9AC27C6933500A1BD01 /* Resources */,
			);
			buildRules = (
			);
			dependencies = (
				018DE9B027C6933500A1BD01 /* PBXTargetDependency */,
			);
			name = "Tests macOS";
			productName = "Tests macOS";
			productReference = 018DE9AE27C6933500A1BD01 /* Tests macOS.xctest */;
			productType = "com.apple.product-type.bundle.ui-testing";
		};
/* End PBXNativeTarget section */

/* Begin PBXProject section */
		018DE98927C6933400A1BD01 /* Project object */ = {
			isa = PBXProject;
			attributes = {
				BuildIndependentTargetsInParallel = 1;
				LastSwiftUpdateCheck = 1320;
				LastUpgradeCheck = 1320;
				TargetAttributes = {
					018DE99427C6933500A1BD01 = {
						CreatedOnToolsVersion = 13.2.1;
					};
					018DE99A27C6933500A1BD01 = {
						CreatedOnToolsVersion = 13.2.1;
					};
					018DE9A127C6933500A1BD01 = {
						CreatedOnToolsVersion = 13.2.1;
						TestTargetID = 018DE99427C6933500A1BD01;
					};
					018DE9AD27C6933500A1BD01 = {
						CreatedOnToolsVersion = 13.2.1;
						TestTargetID = 018DE99A27C6933500A1BD01;
					};
				};
			};
			buildConfigurationList = 018DE98C27C6933400A1BD01 /* Build configuration list for PBXProject "AlfredMobile" */;
			compatibilityVersion = "Xcode 13.0";
			developmentRegion = en;
			hasScannedForEncodings = 0;
			knownRegions = (
				en,
				Base,
			);
			mainGroup = 018DE98827C6933400A1BD01;
			productRefGroup = 018DE99627C6933500A1BD01 /* Products */;
			projectDirPath = "";
			projectRoot = "";
			targets = (
				018DE99427C6933500A1BD01 /* AlfredMobile (iOS) */,
				018DE99A27C6933500A1BD01 /* AlfredMobile (macOS) */,
				018DE9A127C6933500A1BD01 /* Tests iOS */,
				018DE9AD27C6933500A1BD01 /* Tests macOS */,
			);
		};
/* End PBXProject section */

/* Begin PBXResourcesBuildPhase section */
		018DE99327C6933500A1BD01 /* Resources */ = {
			isa = PBXResourcesBuildPhase;
			buildActionMask = 2147483647;
			files = (
				018DE9BA27C6933500A1BD01 /* Assets.xcassets in Resources */,
			);
			runOnlyForDeploymentPostprocessing = 0;
		};
		018DE99927C6933500A1BD01 /* Resources */ = {
			isa = PBXResourcesBuildPhase;
			buildActionMask = 2147483647;
			files = (
				018DE9BB27C6933500A1BD01 /* Assets.xcassets in Resources */,
			);
			runOnlyForDeploymentPostprocessing = 0;
		};
		018DE9A027C6933500A1BD01 /* Resources */ = {
			isa = PBXResourcesBuildPhase;
			buildActionMask = 2147483647;
			files = (
			);
			runOnlyForDeploymentPostprocessing = 0;
		};
		018DE9AC27C6933500A1BD01 /* Resources */ = {
			isa = PBXResourcesBuildPhase;
			buildActionMask = 2147483647;
			files = (
			);
			runOnlyForDeploymentPostprocessing = 0;
		};
/* End PBXResourcesBuildPhase section */

/* Begin PBXSourcesBuildPhase section */
		018DE99127C6933500A1BD01 /* Sources */ = {
			isa = PBXSourcesBuildPhase;
			buildActionMask = 2147483647;
			files = (
				018DE9B827C6933500A1BD01 /* ContentView.swift in Sources */,
				018DE9B627C6933500A1BD01 /* AlfredMobileApp.swift in Sources */,
			);
			runOnlyForDeploymentPostprocessing = 0;
		};
		018DE99727C6933500A1BD01 /* Sources */ = {
			isa = PBXSourcesBuildPhase;
			buildActionMask = 2147483647;
			files = (
				018DE9B927C6933500A1BD01 /* ContentView.swift in Sources */,
				018DE9B727C6933500A1BD01 /* AlfredMobileApp.swift in Sources */,
			);
			runOnlyForDeploymentPostprocessing = 0;
		};
		018DE99E27C6933500A1BD01 /* Sources */ = {
			isa = PBXSourcesBuildPhase;
			buildActionMask = 2147483647;
			files = (
				018DE9A927C6933500A1BD01 /* Tests_iOSLaunchTests.swift in Sources */,
				018DE9A727C6933500A1BD01 /* Tests_iOS.swift in Sources */,
			);
			runOnlyForDeploymentPostprocessing = 0;
		};
		018DE9AA27C6933500A1BD01 /* Sources */ = {
			isa = PBXSourcesBuildPhase;
			buildActionMask = 2147483647;
			files = (
				018DE9B527C6933500A1BD01 /* Tests_macOSLaunchTests.swift in Sources */,
				018DE9B327C6933500A1BD01 /* Tests_macOS.swift in Sources */,
			);
			runOnlyForDeploymentPostprocessing = 0;
		};
/* End PBXSourcesBuildPhase section */

/* Begin PBXTargetDependency section */
		018DE9A427C6933500A1BD01 /* PBXTargetDependency */ = {
			isa = PBXTargetDependency;
			target = 018DE99427C6933500A1BD01 /* AlfredMobile (iOS) */;
			targetProxy = 018DE9A327C6933500A1BD01 /* PBXContainerItemProxy */;
		};
		018DE9B027C6933500A1BD01 /* PBXTargetDependency */ = {
			isa = PBXTargetDependency;
			target = 018DE99A27C6933500A1BD01 /* AlfredMobile (macOS) */;
			targetProxy = 018DE9AF27C6933500A1BD01 /* PBXContainerItemProxy */;
		};
/* End PBXTargetDependency section */

/* Begin XCBuildConfiguration section */
		018DE9BC27C6933500A1BD01 /* Debug */ = {
			isa = XCBuildConfiguration;
			buildSettings = {
				ALWAYS_SEARCH_USER_PATHS = NO;
				CLANG_ANALYZER_NONNULL = YES;
				CLANG_ANALYZER_NUMBER_OBJECT_CONVERSION = YES_AGGRESSIVE;
				CLANG_CXX_LANGUAGE_STANDARD = "gnu++17";
				CLANG_CXX_LIBRARY = "libc++";
				CLANG_ENABLE_MODULES = YES;
				CLANG_ENABLE_OBJC_ARC = YES;
				CLANG_ENABLE_OBJC_WEAK = YES;
				CLANG_WARN_BLOCK_CAPTURE_AUTORELEASING = YES;
				CLANG_WARN_BOOL_CONVERSION = YES;
				CLANG_WARN_COMMA = YES;
				CLANG_WARN_CONSTANT_CONVERSION = YES;
				CLANG_WARN_DEPRECATED_OBJC_IMPLEMENTATIONS = YES;
				CLANG_WARN_DIRECT_OBJC_ISA_USAGE = YES_ERROR;
				CLANG_WARN_DOCUMENTATION_COMMENTS = YES;
				CLANG_WARN_EMPTY_BODY = YES;
				CLANG_WARN_ENUM_CONVERSION = YES;
				CLANG_WARN_INFINITE_RECURSION = YES;
				CLANG_WARN_INT_CONVERSION = YES;
				CLANG_WARN_NON_LITERAL_NULL_CONVERSION = YES;
				CLANG_WARN_OBJC_IMPLICIT_RETAIN_SELF = YES;
				CLANG_WARN_OBJC_LITERAL_CONVERSION = YES;
				CLANG_WARN_OBJC_ROOT_CLASS = YES_ERROR;
				CLANG_WARN_QUOTED_INCLUDE_IN_FRAMEWORK_HEADER = YES;
				CLANG_WARN_RANGE_LOOP_ANALYSIS = YES;
				CLANG_WARN_STRICT_PROTOTYPES = YES;
				CLANG_WARN_SUSPICIOUS_MOVE = YES;
				CLANG_WARN_UNGUARDED_AVAILABILITY = YES_AGGRESSIVE;
				CLANG_WARN_UNREACHABLE_CODE = YES;
				CLANG_WARN__DUPLICATE_METHOD_MATCH = YES;
				COPY_PHASE_STRIP = NO;
				DEBUG_INFORMATION_FORMAT = dwarf;
				ENABLE_STRICT_OBJC_MSGSEND = YES;
				ENABLE_TESTABILITY = YES;
				GCC_C_LANGUAGE_STANDARD = gnu11;
				GCC_DYNAMIC_NO_PIC = NO;
				GCC_NO_COMMON_BLOCKS = YES;
				GCC_OPTIMIZATION_LEVEL = 0;
				GCC_PREPROCESSOR_DEFINITIONS = (
					"DEBUG=1",
					"$(inherited)",
				);
				GCC_WARN_64_TO_32_BIT_CONVERSION = YES;
				GCC_WARN_ABOUT_RETURN_TYPE = YES_ERROR;
				GCC_WARN_UNDECLARED_SELECTOR = YES;
				GCC_WARN_UNINITIALIZED_AUTOS = YES_AGGRESSIVE;
				GCC_WARN_UNUSED_FUNCTION = YES;
				GCC_WARN_UNUSED_VARIABLE = YES;
				MTL_ENABLE_DEBUG_INFO = INCLUDE_SOURCE;
				MTL_FAST_MATH = YES;
				ONLY_ACTIVE_ARCH = YES;
				SWIFT_ACTIVE_COMPILATION_CONDITIONS = DEBUG;
				SWIFT_OPTIMIZATION_LEVEL = "-Onone";
			};
			name = Debug;
		};
		018DE9BD27C6933500A1BD01 /* Release */ = {
			isa = XCBuildConfiguration;
			buildSettings = {
				ALWAYS_SEARCH_USER_PATHS = NO;
				CLANG_ANALYZER_NONNULL = YES;
				CLANG_ANALYZER_NUMBER_OBJECT_CONVERSION = YES_AGGRESSIVE;
				CLANG_CXX_LANGUAGE_STANDARD = "gnu++17";
				CLANG_CXX_LIBRARY = "libc++";
				CLANG_ENABLE_MODULES = YES;
				CLANG_ENABLE_OBJC_ARC = YES;
				CLANG_ENABLE_OBJC_WEAK = YES;
				CLANG_WARN_BLOCK_CAPTURE_AUTORELEASING = YES;
				CLANG_WARN_BOOL_CONVERSION = YES;
				CLANG_WARN_COMMA = YES;
				CLANG_WARN_CONSTANT_CONVERSION = YES;
				CLANG_WARN_DEPRECATED_OBJC_IMPLEMENTATIONS = YES;
				CLANG_WARN_DIRECT_OBJC_ISA_USAGE = YES_ERROR;
				CLANG_WARN_DOCUMENTATION_COMMENTS = YES;
				CLANG_WARN_EMPTY_BODY = YES;
				CLANG_WARN_ENUM_CONVERSION = YES;
				CLANG_WARN_INFINITE_RECURSION = YES;
				CLANG_WARN_INT_CONVERSION = YES;
				CLANG_WARN_NON_LITERAL_NULL_CONVERSION = YES;
				CLANG_WARN_OBJC_IMPLICIT_RETAIN_SELF = YES;
				CLANG_WARN_OBJC_LITERAL_CONVERSION = YES;
				CLANG_WARN_OBJC_ROOT_CLASS = YES_ERROR;
				CLANG_WARN_QUOTED_INCLUDE_IN_FRAMEWORK_HEADER = YES;
				CLANG_WARN_RANGE_LOOP_ANALYSIS = YES;
				CLANG_WARN_STRICT_PROTOTYPES = YES;
				CLANG_WARN_SUSPICIOUS_MOVE = YES;
				CLANG_WARN_UNGUARDED_AVAILABILITY = YES_AGGRESSIVE;
				CLANG_WARN_UNREACHABLE_CODE = YES;
				CLANG_WARN__DUPLICATE_METHOD_MATCH = YES;
				COPY_PHASE_STRIP = NO;
				DEBUG_INFORMATION_FORMAT = "dwarf-with-dsym";
				ENABLE_NS_ASSERTIONS = NO;
				ENABLE_STRICT_OBJC_MSGSEND = YES;
				GCC_C_LANGUAGE_STANDARD = gnu11;
				GCC_NO_COMMON_BLOCKS = YES;
				GCC_WARN_64_TO_32_BIT_CONVERSION = YES;
				GCC_WARN_ABOUT_RETURN_TYPE = YES_ERROR;
				GCC_WARN_UNDECLARED_SELECTOR = YES;
				GCC_WARN_UNINITIALIZED_AUTOS = YES_AGGRESSIVE;
				GCC_WARN_UNUSED_FUNCTION = YES;
				GCC_WARN_UNUSED_VARIABLE = YES;
				MTL_ENABLE_DEBUG_INFO = NO;
				MTL_FAST_MATH = YES;
				SWIFT_COMPILATION_MODE = wholemodule;
				SWIFT_OPTIMIZATION_LEVEL = "-O";
			};
			name = Release;
		};
		018DE9BF27C6933500A1BD01 /* Debug */ = {
			isa = XCBuildConfiguration;
			buildSettings = {
				ASSETCATALOG_COMPILER_APPICON_NAME = AppIcon;
				ASSETCATALOG_COMPILER_GLOBAL_ACCENT_COLOR_NAME = AccentColor;
				CODE_SIGN_STYLE = Automatic;
				CURRENT_PROJECT_VERSION = 1;
				DEVELOPMENT_TEAM = D2A5EST4Q4;
				ENABLE_PREVIEWS = YES;
				GENERATE_INFOPLIST_FILE = YES;
				INFOPLIST_KEY_UIApplicationSceneManifest_Generation = YES;
				INFOPLIST_KEY_UIApplicationSupportsIndirectInputEvents = YES;
				INFOPLIST_KEY_UILaunchScreen_Generation = YES;
				INFOPLIST_KEY_UISupportedInterfaceOrientations_iPad = "UIInterfaceOrientationPortrait UIInterfaceOrientationPortraitUpsideDown UIInterfaceOrientationLandscapeLeft UIInterfaceOrientationLandscapeRight";
				INFOPLIST_KEY_UISupportedInterfaceOrientations_iPhone = "UIInterfaceOrientationPortrait UIInterfaceOrientationLandscapeLeft UIInterfaceOrientationLandscapeRight";
				IPHONEOS_DEPLOYMENT_TARGET = 15.2;
				LD_RUNPATH_SEARCH_PATHS = (
					"$(inherited)",
					"@executable_path/Frameworks",
				);
				MARKETING_VERSION = 1.0;
				PRODUCT_BUNDLE_IDENTIFIER = com.noodleofdeath.AlfredMobile;
				PRODUCT_NAME = AlfredMobile;
				SDKROOT = iphoneos;
				SWIFT_EMIT_LOC_STRINGS = YES;
				SWIFT_VERSION = 5.0;
				TARGETED_DEVICE_FAMILY = "1,2";
			};
			name = Debug;
		};
		018DE9C027C6933500A1BD01 /* Release */ = {
			isa = XCBuildConfiguration;
			buildSettings = {
				ASSETCATALOG_COMPILER_APPICON_NAME = AppIcon;
				ASSETCATALOG_COMPILER_GLOBAL_ACCENT_COLOR_NAME = AccentColor;
				CODE_SIGN_STYLE = Automatic;
				CURRENT_PROJECT_VERSION = 1;
				DEVELOPMENT_TEAM = D2A5EST4Q4;
				ENABLE_PREVIEWS = YES;
				GENERATE_INFOPLIST_FILE = YES;
				INFOPLIST_KEY_UIApplicationSceneManifest_Generation = YES;
				INFOPLIST_KEY_UIApplicationSupportsIndirectInputEvents = YES;
				INFOPLIST_KEY_UILaunchScreen_Generation = YES;
				INFOPLIST_KEY_UISupportedInterfaceOrientations_iPad = "UIInterfaceOrientationPortrait UIInterfaceOrientationPortraitUpsideDown UIInterfaceOrientationLandscapeLeft UIInterfaceOrientationLandscapeRight";
				INFOPLIST_KEY_UISupportedInterfaceOrientations_iPhone = "UIInterfaceOrientationPortrait UIInterfaceOrientationLandscapeLeft UIInterfaceOrientationLandscapeRight";
				IPHONEOS_DEPLOYMENT_TARGET = 15.2;
				LD_RUNPATH_SEARCH_PATHS = (
					"$(inherited)",
					"@executable_path/Frameworks",
				);
				MARKETING_VERSION = 1.0;
				PRODUCT_BUNDLE_IDENTIFIER = com.noodleofdeath.AlfredMobile;
				PRODUCT_NAME = AlfredMobile;
				SDKROOT = iphoneos;
				SWIFT_EMIT_LOC_STRINGS = YES;
				SWIFT_VERSION = 5.0;
				TARGETED_DEVICE_FAMILY = "1,2";
				VALIDATE_PRODUCT = YES;
			};
			name = Release;
		};
		018DE9C227C6933500A1BD01 /* Debug */ = {
			isa = XCBuildConfiguration;
			buildSettings = {
				ASSETCATALOG_COMPILER_APPICON_NAME = AppIcon;
				ASSETCATALOG_COMPILER_GLOBAL_ACCENT_COLOR_NAME = AccentColor;
				CODE_SIGN_ENTITLEMENTS = macOS/macOS.entitlements;
				CODE_SIGN_STYLE = Automatic;
				COMBINE_HIDPI_IMAGES = YES;
				CURRENT_PROJECT_VERSION = 1;
				DEVELOPMENT_TEAM = D2A5EST4Q4;
				ENABLE_HARDENED_RUNTIME = YES;
				ENABLE_PREVIEWS = YES;
				GENERATE_INFOPLIST_FILE = YES;
				INFOPLIST_KEY_NSHumanReadableCopyright = "";
				LD_RUNPATH_SEARCH_PATHS = (
					"$(inherited)",
					"@executable_path/../Frameworks",
				);
				MACOSX_DEPLOYMENT_TARGET = 12.1;
				MARKETING_VERSION = 1.0;
				PRODUCT_BUNDLE_IDENTIFIER = com.noodleofdeath.AlfredMobile;
				PRODUCT_NAME = AlfredMobile;
				SDKROOT = macosx;
				SWIFT_EMIT_LOC_STRINGS = YES;
				SWIFT_VERSION = 5.0;
			};
			name = Debug;
		};
		018DE9C327C6933500A1BD01 /* Release */ = {
			isa = XCBuildConfiguration;
			buildSettings = {
				ASSETCATALOG_COMPILER_APPICON_NAME = AppIcon;
				ASSETCATALOG_COMPILER_GLOBAL_ACCENT_COLOR_NAME = AccentColor;
				CODE_SIGN_ENTITLEMENTS = macOS/macOS.entitlements;
				CODE_SIGN_STYLE = Automatic;
				COMBINE_HIDPI_IMAGES = YES;
				CURRENT_PROJECT_VERSION = 1;
				DEVELOPMENT_TEAM = D2A5EST4Q4;
				ENABLE_HARDENED_RUNTIME = YES;
				ENABLE_PREVIEWS = YES;
				GENERATE_INFOPLIST_FILE = YES;
				INFOPLIST_KEY_NSHumanReadableCopyright = "";
				LD_RUNPATH_SEARCH_PATHS = (
					"$(inherited)",
					"@executable_path/../Frameworks",
				);
				MACOSX_DEPLOYMENT_TARGET = 12.1;
				MARKETING_VERSION = 1.0;
				PRODUCT_BUNDLE_IDENTIFIER = com.noodleofdeath.AlfredMobile;
				PRODUCT_NAME = AlfredMobile;
				SDKROOT = macosx;
				SWIFT_EMIT_LOC_STRINGS = YES;
				SWIFT_VERSION = 5.0;
			};
			name = Release;
		};
		018DE9C527C6933500A1BD01 /* Debug */ = {
			isa = XCBuildConfiguration;
			buildSettings = {
				ALWAYS_EMBED_SWIFT_STANDARD_LIBRARIES = YES;
				CODE_SIGN_STYLE = Automatic;
				CURRENT_PROJECT_VERSION = 1;
				DEVELOPMENT_TEAM = D2A5EST4Q4;
				GENERATE_INFOPLIST_FILE = YES;
				IPHONEOS_DEPLOYMENT_TARGET = 15.2;
				MARKETING_VERSION = 1.0;
				PRODUCT_BUNDLE_IDENTIFIER = "com.noodleofdeath.Tests-iOS";
				PRODUCT_NAME = "$(TARGET_NAME)";
				SDKROOT = iphoneos;
				SWIFT_EMIT_LOC_STRINGS = NO;
				SWIFT_VERSION = 5.0;
				TARGETED_DEVICE_FAMILY = "1,2";
				TEST_TARGET_NAME = "AlfredMobile (iOS)";
			};
			name = Debug;
		};
		018DE9C627C6933500A1BD01 /* Release */ = {
			isa = XCBuildConfiguration;
			buildSettings = {
				ALWAYS_EMBED_SWIFT_STANDARD_LIBRARIES = YES;
				CODE_SIGN_STYLE = Automatic;
				CURRENT_PROJECT_VERSION = 1;
				DEVELOPMENT_TEAM = D2A5EST4Q4;
				GENERATE_INFOPLIST_FILE = YES;
				IPHONEOS_DEPLOYMENT_TARGET = 15.2;
				MARKETING_VERSION = 1.0;
				PRODUCT_BUNDLE_IDENTIFIER = "com.noodleofdeath.Tests-iOS";
				PRODUCT_NAME = "$(TARGET_NAME)";
				SDKROOT = iphoneos;
				SWIFT_EMIT_LOC_STRINGS = NO;
				SWIFT_VERSION = 5.0;
				TARGETED_DEVICE_FAMILY = "1,2";
				TEST_TARGET_NAME = "AlfredMobile (iOS)";
				VALIDATE_PRODUCT = YES;
			};
			name = Release;
		};
		018DE9C827C6933500A1BD01 /* Debug */ = {
			isa = XCBuildConfiguration;
			buildSettings = {
				ALWAYS_EMBED_SWIFT_STANDARD_LIBRARIES = YES;
				CODE_SIGN_STYLE = Automatic;
				CURRENT_PROJECT_VERSION = 1;
				DEVELOPMENT_TEAM = D2A5EST4Q4;
				GENERATE_INFOPLIST_FILE = YES;
				MACOSX_DEPLOYMENT_TARGET = 12.1;
				MARKETING_VERSION = 1.0;
				PRODUCT_BUNDLE_IDENTIFIER = "com.noodleofdeath.Tests-macOS";
				PRODUCT_NAME = "$(TARGET_NAME)";
				SDKROOT = macosx;
				SWIFT_EMIT_LOC_STRINGS = NO;
				SWIFT_VERSION = 5.0;
				TEST_TARGET_NAME = "AlfredMobile (macOS)";
			};
			name = Debug;
		};
		018DE9C927C6933500A1BD01 /* Release */ = {
			isa = XCBuildConfiguration;
			buildSettings = {
				ALWAYS_EMBED_SWIFT_STANDARD_LIBRARIES = YES;
				CODE_SIGN_STYLE = Automatic;
				CURRENT_PROJECT_VERSION = 1;
				DEVELOPMENT_TEAM = D2A5EST4Q4;
				GENERATE_INFOPLIST_FILE = YES;
				MACOSX_DEPLOYMENT_TARGET = 12.1;
				MARKETING_VERSION = 1.0;
				PRODUCT_BUNDLE_IDENTIFIER = "com.noodleofdeath.Tests-macOS";
				PRODUCT_NAME = "$(TARGET_NAME)";
				SDKROOT = macosx;
				SWIFT_EMIT_LOC_STRINGS = NO;
				SWIFT_VERSION = 5.0;
				TEST_TARGET_NAME = "AlfredMobile (macOS)";
			};
			name = Release;
		};
/* End XCBuildConfiguration section */

/* Begin XCConfigurationList section */
		018DE98C27C6933400A1BD01 /* Build configuration list for PBXProject "AlfredMobile" */ = {
			isa = XCConfigurationList;
			buildConfigurations = (
				018DE9BC27C6933500A1BD01 /* Debug */,
				018DE9BD27C6933500A1BD01 /* Release */,
			);
			defaultConfigurationIsVisible = 0;
			defaultConfigurationName = Release;
		};
		018DE9BE27C6933500A1BD01 /* Build configuration list for PBXNativeTarget "AlfredMobile (iOS)" */ = {
			isa = XCConfigurationList;
			buildConfigurations = (
				018DE9BF27C6933500A1BD01 /* Debug */,
				018DE9C027C6933500A1BD01 /* Release */,
			);
			defaultConfigurationIsVisible = 0;
			defaultConfigurationName = Release;
		};
		018DE9C127C6933500A1BD01 /* Build configuration list for PBXNativeTarget "AlfredMobile (macOS)" */ = {
			isa = XCConfigurationList;
			buildConfigurations = (
				018DE9C227C6933500A1BD01 /* Debug */,
				018DE9C327C6933500A1BD01 /* Release */,
			);
			defaultConfigurationIsVisible = 0;
			defaultConfigurationName = Release;
		};
		018DE9C427C6933500A1BD01 /* Build configuration list for PBXNativeTarget "Tests iOS" */ = {
			isa = XCConfigurationList;
			buildConfigurations = (
				018DE9C527C6933500A1BD01 /* Debug */,
				018DE9C627C6933500A1BD01 /* Release */,
			);
			defaultConfigurationIsVisible = 0;
			defaultConfigurationName = Release;
		};
		018DE9C727C6933500A1BD01 /* Build configuration list for PBXNativeTarget "Tests macOS" */ = {
			isa = XCConfigurationList;
			buildConfigurations = (
				018DE9C827C6933500A1BD01 /* Debug */,
				018DE9C927C6933500A1BD01 /* Release */,
			);
			defaultConfigurationIsVisible = 0;
			defaultConfigurationName = Release;
		};
/* End XCConfigurationList section */
	};
	rootObject = 018DE98927C6933400A1BD01 /* Project object */;
}
